$ANSIBLE_VAULT;1.1;AES256
37343963666330323863653734303261636634383334333536326332323564353832633164383162
3730333664643338363433383361353234653464666139630a373563333139613834613630643562
32376634333763613133613635376461383136666366343562313738613231643330313236336138
6438343462613236610a356530306466366636386361313537333661633039353936646563663062
38623266376466393534623630373033333631363632643530633333653830363131
