$ANSIBLE_VAULT;1.1;AES256
38303136363437623963306539636165333737663465623666366130616662666363636631623566
3635343130653764306266393433316137383032336132310a616636393861663064376538613130
62373365666330373165616539623564333630343132616530336566306663656136663032336130
6463313330343232650a633535333532633331643364343866326437363938333032353461393536
38656330383262646466363238656439393163393562303963316264393633336432353362613039
34353333353163653965626563316337393832663537366236393363643631316130663435646263
64393764313130623533633238363638333030613463316538333538393834343563646136396634
65653936663263633535
