$ANSIBLE_VAULT;1.1;AES256
39326666623438333130333330663764316538633730623466646531346131373835383837386366
3166316435323866303438333231623463623561316133630a383331343762376239393365623732
66333039663965396337316366663465346262316435643930383062363139666430353236653031
6430316234316433300a343835653538626339613535623963646264313631333866656463326232
35353662626338633736613837653435626266633133396161313737653837366334646339333937
61333031663039613531643232393631353031653661623832633965383430663736623137353035
63303539316265323462386230376665363135666637643238353331616466663432386565323263
36376434346533396633
